
Microsoft Visual Studio Solution File, Format Version 12.00
# Visual Studio Version 16
VisualStudioVersion = 16.0.31529.145
MinimumVisualStudioVersion = 10.0.40219.1
Project("{9A19103F-16F7-4668-BE54-9A1E7A4F7556}") = "GeometricLayouts.API", "GeometricLayouts\GeometricLayouts.API.csproj", "{77AFB5C4-5547-43FF-A567-89F4733E1FF5}"
EndProject
Project("{9A19103F-16F7-4668-BE54-9A1E7A4F7556}") = "GeometricLayouts.API.Models", "GeometricLayouts.API.Models\GeometricLayouts.API.Models.csproj", "{87EA54E9-746E-44E2-BA02-6E9497B4A712}"
EndProject
Project("{9A19103F-16F7-4668-BE54-9A1E7A4F7556}") = "GeometricLayouts.Domain", "GeometricLayouts.Domain\GeometricLayouts.Domain.csproj", "{F062747F-AC2D-41E9-A039-2BA22D5E8906}"
EndProject
Project("{FAE04EC0-301F-11D3-BF4B-00C04F79EFBC}") = "GeometricLayouts.Tests", "GeometricLayouts.Tests\GeometricLayouts.Tests.csproj", "{03555F5F-4B29-4FB2-BC8F-A16344618284}"
EndProject
Global
	GlobalSection(SolutionConfigurationPlatforms) = preSolution
		Debug|Any CPU = Debug|Any CPU
		Release|Any CPU = Release|Any CPU
	EndGlobalSection
	GlobalSection(ProjectConfigurationPlatforms) = postSolution
		{77AFB5C4-5547-43FF-A567-89F4733E1FF5}.Debug|Any CPU.ActiveCfg = Debug|Any CPU
		{77AFB5C4-5547-43FF-A567-89F4733E1FF5}.Debug|Any CPU.Build.0 = Debug|Any CPU
		{77AFB5C4-5547-43FF-A567-89F4733E1FF5}.Release|Any CPU.ActiveCfg = Release|Any CPU
		{77AFB5C4-5547-43FF-A567-89F4733E1FF5}.Release|Any CPU.Build.0 = Release|Any CPU
		{87EA54E9-746E-44E2-BA02-6E9497B4A712}.Debug|Any CPU.ActiveCfg = Debug|Any CPU
		{87EA54E9-746E-44E2-BA02-6E9497B4A712}.Debug|Any CPU.Build.0 = Debug|Any CPU
		{87EA54E9-746E-44E2-BA02-6E9497B4A712}.Release|Any CPU.ActiveCfg = Release|Any CPU
		{87EA54E9-746E-44E2-BA02-6E9497B4A712}.Release|Any CPU.Build.0 = Release|Any CPU
		{F062747F-AC2D-41E9-A039-2BA22D5E8906}.Debug|Any CPU.ActiveCfg = Debug|Any CPU
		{F062747F-AC2D-41E9-A039-2BA22D5E8906}.Debug|Any CPU.Build.0 = Debug|Any CPU
		{F062747F-AC2D-41E9-A039-2BA22D5E8906}.Release|Any CPU.ActiveCfg = Release|Any CPU
		{F062747F-AC2D-41E9-A039-2BA22D5E8906}.Release|Any CPU.Build.0 = Release|Any CPU
		{03555F5F-4B29-4FB2-BC8F-A16344618284}.Debug|Any CPU.ActiveCfg = Debug|Any CPU
		{03555F5F-4B29-4FB2-BC8F-A16344618284}.Debug|Any CPU.Build.0 = Debug|Any CPU
		{03555F5F-4B29-4FB2-BC8F-A16344618284}.Release|Any CPU.ActiveCfg = Release|Any CPU
		{03555F5F-4B29-4FB2-BC8F-A16344618284}.Release|Any CPU.Build.0 = Release|Any CPU
	EndGlobalSection
	GlobalSection(SolutionProperties) = preSolution
		HideSolutionNode = FALSE
	EndGlobalSection
	GlobalSection(ExtensibilityGlobals) = postSolution
		SolutionGuid = {E7813430-5479-4B30-A090-137BBCA10F36}
	EndGlobalSection
EndGlobal
